
Microsoft Visual Studio Solution File, Format Version 12.00
# Visual Studio 15
VisualStudioVersion = 15.0.28010.2003
MinimumVisualStudioVersion = 10.0.40219.1
Project("{9A19103F-16F7-4668-BE54-9A1E7A4F7556}") = "AspnetCore", "AspnetCore\AspnetCore.csproj", "{A2C9BC33-4B2E-4AB4-8F05-54494AB4A532}"
EndProject
Project("{FAE04EC0-301F-11D3-BF4B-00C04F79EFBC}") = "WebApiCore", "WebApiCore\WebApiCore.csproj", "{40E12957-82C7-48B6-BFE6-ECF8CBE88559}"
EndProject
Project("{FAE04EC0-301F-11D3-BF4B-00C04F79EFBC}") = "ContosoUniversity", "ContosoUniversity\ContosoUniversity.csproj", "{3663211F-ABBC-4DED-8AC9-EF547A584C8D}"
EndProject
Global
	GlobalSection(SolutionConfigurationPlatforms) = preSolution
		Debug|Any CPU = Debug|Any CPU
		Release|Any CPU = Release|Any CPU
	EndGlobalSection
	GlobalSection(ProjectConfigurationPlatforms) = postSolution
		{A2C9BC33-4B2E-4AB4-8F05-54494AB4A532}.Debug|Any CPU.ActiveCfg = Debug|Any CPU
		{A2C9BC33-4B2E-4AB4-8F05-54494AB4A532}.Debug|Any CPU.Build.0 = Debug|Any CPU
		{A2C9BC33-4B2E-4AB4-8F05-54494AB4A532}.Release|Any CPU.ActiveCfg = Release|Any CPU
		{A2C9BC33-4B2E-4AB4-8F05-54494AB4A532}.Release|Any CPU.Build.0 = Release|Any CPU
		{40E12957-82C7-48B6-BFE6-ECF8CBE88559}.Debug|Any CPU.ActiveCfg = Debug|Any CPU
		{40E12957-82C7-48B6-BFE6-ECF8CBE88559}.Debug|Any CPU.Build.0 = Debug|Any CPU
		{40E12957-82C7-48B6-BFE6-ECF8CBE88559}.Release|Any CPU.ActiveCfg = Release|Any CPU
		{40E12957-82C7-48B6-BFE6-ECF8CBE88559}.Release|Any CPU.Build.0 = Release|Any CPU
		{3663211F-ABBC-4DED-8AC9-EF547A584C8D}.Debug|Any CPU.ActiveCfg = Debug|Any CPU
		{3663211F-ABBC-4DED-8AC9-EF547A584C8D}.Debug|Any CPU.Build.0 = Debug|Any CPU
		{3663211F-ABBC-4DED-8AC9-EF547A584C8D}.Release|Any CPU.ActiveCfg = Release|Any CPU
		{3663211F-ABBC-4DED-8AC9-EF547A584C8D}.Release|Any CPU.Build.0 = Release|Any CPU
	EndGlobalSection
	GlobalSection(SolutionProperties) = preSolution
		HideSolutionNode = FALSE
	EndGlobalSection
	GlobalSection(ExtensibilityGlobals) = postSolution
		SolutionGuid = {46B137FC-12EE-490D-9FDF-AF983100537A}
	EndGlobalSection
EndGlobal
